
Microsoft Visual Studio Solution File, Format Version 12.00
# Visual Studio Version 17
VisualStudioVersion = 17.14.36511.14
MinimumVisualStudioVersion = 10.0.40219.1
Project("{2150E333-8FDC-42A3-9474-1A3956D46DE8}") = "Task0", "Task0", "{02EA681E-C7D8-13C7-8484-4AC65E1B71E8}"
EndProject
Project("{FAE04EC0-301F-11D3-BF4B-00C04F79EFBC}") = "Tyuiu.MalchikhinaVV.Sprint6.Task0.V14.Lib", "Tyuiu.MalchikhinaVV.Sprint6.Task0.V14.Lib\Tyuiu.MalchikhinaVV.Sprint6.Task0.V14.Lib.csproj", "{8A06AC40-7699-4654-B648-348DE4ED6EFD}"
EndProject
Project("{FAE04EC0-301F-11D3-BF4B-00C04F79EFBC}") = "Tyuiu.MalchikhinaVV.Sprint6.Task0.V14.Test", "Tyuiu.MalchikhinaVV.Sprint6.Task0.V14.Test\Tyuiu.MalchikhinaVV.Sprint6.Task0.V14.Test.csproj", "{CA78CBA4-C2C6-494B-BE48-4CDDC193BA46}"
EndProject
Project("{FAE04EC0-301F-11D3-BF4B-00C04F79EFBC}") = "Tyuiu.MalchikhinaVV.Sprint6.Task0.V14", "Tyuiu.MalchikhinaVV.Sprint6.Task0.V14\Tyuiu.MalchikhinaVV.Sprint6.Task0.V14.csproj", "{2E4A454B-542C-44E4-9C13-F6E392B20349}"
EndProject
Project("{2150E333-8FDC-42A3-9474-1A3956D46DE8}") = "Task1", "Task1", "{CBF49F54-3DFA-45F6-AC75-02A1F13B688C}"
EndProject
Project("{FAE04EC0-301F-11D3-BF4B-00C04F79EFBC}") = "Tyuiu.MalchikhinaVV.Sprint6.Task1.V26.Test", "Tyuiu.MalchikhinaVV.Sprint6.Task1.V26.Test\Tyuiu.MalchikhinaVV.Sprint6.Task1.V26.Test.csproj", "{48E3F77D-E6F9-484A-8AD4-7C0C0F5D5889}"
EndProject
Project("{FAE04EC0-301F-11D3-BF4B-00C04F79EFBC}") = "Tyuiu.MalchikhinaVV.Sprint6.Task1.V26.Lib", "Tyuiu.MalchikhinaVV.Sprint6.Task1.V26.Lib\Tyuiu.MalchikhinaVV.Sprint6.Task1.V26.Lib.csproj", "{3583DF53-16F5-405E-AAFB-887ADF26E404}"
EndProject
Project("{FAE04EC0-301F-11D3-BF4B-00C04F79EFBC}") = "Tyuiu.MalchikhinaVV.Sprint6.Task1.V26", "Tyuiu.MalchikhinaVV.Sprint6.Task1.V26\Tyuiu.MalchikhinaVV.Sprint6.Task1.V26.csproj", "{0EAEE355-8084-4AD3-8318-A2DAACFA02D0}"
EndProject
Project("{2150E333-8FDC-42A3-9474-1A3956D46DE8}") = "Task2", "Task2", "{EB7053B2-49FA-4FD2-B548-28AC56F73731}"
EndProject
Project("{FAE04EC0-301F-11D3-BF4B-00C04F79EFBC}") = "Tyuiu.MalchikhinaVV.Sprint6.Task2.V9.Lib", "Tyuiu.MalchikhinaVV.Sprint6.Task2.V9.Lib\Tyuiu.MalchikhinaVV.Sprint6.Task2.V9.Lib.csproj", "{01C34C4C-AC2C-49BC-B207-60B757FA82F1}"
EndProject
Project("{FAE04EC0-301F-11D3-BF4B-00C04F79EFBC}") = "Tyuiu.MalchikhinaVV.Sprint6.Task2.V9.Test", "Tyuiu.MalchikhinaVV.Sprint6.Task2.V9.Test\Tyuiu.MalchikhinaVV.Sprint6.Task2.V9.Test.csproj", "{2F584B88-FFF2-40A8-B943-C98784DCBB22}"
EndProject
Project("{FAE04EC0-301F-11D3-BF4B-00C04F79EFBC}") = "Tyuiu.MalchikhinaVV.Sprint6.Task2.V9", "Tyuiu.MalchikhinaVV.Sprint6.Task2.V9\Tyuiu.MalchikhinaVV.Sprint6.Task2.V9.csproj", "{9F014AD8-E2B5-4713-BAE2-E2C08A197E6C}"
EndProject
Project("{2150E333-8FDC-42A3-9474-1A3956D46DE8}") = "Task3", "Task3", "{18A37658-EAB2-4BA4-93DA-3531ADAF2FB9}"
EndProject
Project("{FAE04EC0-301F-11D3-BF4B-00C04F79EFBC}") = "Tyuiu.MalchikhinaVV.Sprint6.Task3.V29.Lib", "Tyuiu.MalchikhinaVV.Sprint6.Task3.V29.Lib\Tyuiu.MalchikhinaVV.Sprint6.Task3.V29.Lib.csproj", "{B4C35484-6244-4031-AB5C-8BE677D99421}"
EndProject
Project("{FAE04EC0-301F-11D3-BF4B-00C04F79EFBC}") = "Tyuiu.MalchikhinaVV.Sprint6.Task3.V29.Test", "Tyuiu.MalchikhinaVV.Sprint6.Task3.V29.Test\Tyuiu.MalchikhinaVV.Sprint6.Task3.V29.Test.csproj", "{A6AD75BD-7390-4FA0-871E-5ECDB7EEF9B7}"
EndProject
Project("{FAE04EC0-301F-11D3-BF4B-00C04F79EFBC}") = "Tyuiu.MalchikhinaVV.Sprint6.Task3.V29", "Tyuiu.MalchikhinaVV.Sprint6.Task3.V29\Tyuiu.MalchikhinaVV.Sprint6.Task3.V29.csproj", "{0292926A-3A40-4FC7-A9A6-03342AB1FF3B}"
EndProject
Project("{2150E333-8FDC-42A3-9474-1A3956D46DE8}") = "Task4", "Task4", "{4558B8EF-52BC-42D9-A54F-2E8CE15EE70D}"
EndProject
Project("{FAE04EC0-301F-11D3-BF4B-00C04F79EFBC}") = "Tyuiu.MalchikhinaVV.Sprint6.Task4.V5.Lib", "Tyuiu.MalchikhinaVV.Sprint6.Task4.V5.Lib\Tyuiu.MalchikhinaVV.Sprint6.Task4.V5.Lib.csproj", "{4198A965-193F-4EC4-9C83-2D02B598AF65}"
EndProject
Project("{FAE04EC0-301F-11D3-BF4B-00C04F79EFBC}") = "Tyuiu.MalchikhinaVV.Sprint6.Task4.V5.Test", "Tyuiu.MalchikhinaVV.Sprint6.Task4.V5.Test\Tyuiu.MalchikhinaVV.Sprint6.Task4.V5.Test.csproj", "{D7718913-4D66-4F52-A25C-2A057A5A426D}"
EndProject
Project("{FAE04EC0-301F-11D3-BF4B-00C04F79EFBC}") = "Tyuiu.MalchikhinaVV.Sprint6.Task4.V5", "Tyuiu.MalchikhinaVV.Sprint6.Task4.V5\Tyuiu.MalchikhinaVV.Sprint6.Task4.V5.csproj", "{ACF82B2F-D1DF-422A-B10A-CB0C2E409877}"
EndProject
Project("{2150E333-8FDC-42A3-9474-1A3956D46DE8}") = "Task5", "Task5", "{E7935951-C7FE-4687-95BB-6E6A71432CB8}"
EndProject
Project("{FAE04EC0-301F-11D3-BF4B-00C04F79EFBC}") = "Tyuiu.MalchikhinaVV.Sprint6.Task5.V24.Lib", "Tyuiu.MalchikhinaVV.Sprint6.Task5.V24.Lib\Tyuiu.MalchikhinaVV.Sprint6.Task5.V24.Lib.csproj", "{1E36FDB8-8D66-4976-97BE-027B2BF3E4F2}"
EndProject
Project("{FAE04EC0-301F-11D3-BF4B-00C04F79EFBC}") = "Tyuiu.MalchikhinaVV.Sprint6.Task5.V24.Test", "Tyuiu.MalchikhinaVV.Sprint6.Task5.V24.Test\Tyuiu.MalchikhinaVV.Sprint6.Task5.V24.Test.csproj", "{891A6C0D-F44C-4011-AEA4-BACB433B4C12}"
EndProject
Project("{FAE04EC0-301F-11D3-BF4B-00C04F79EFBC}") = "Tyuiu.MalchikhinaVV.Sprint6.Task5.V24", "Tyuiu.MalchikhinaVV.Sprint6.Task5.V24\Tyuiu.MalchikhinaVV.Sprint6.Task5.V24.csproj", "{761CE80B-8D22-476A-8F44-ECB67A155EFE}"
EndProject
Project("{2150E333-8FDC-42A3-9474-1A3956D46DE8}") = "Task6", "Task6", "{72F4C15B-B684-480A-9417-A8F277080820}"
EndProject
Project("{FAE04EC0-301F-11D3-BF4B-00C04F79EFBC}") = "Tyuiu.MalchikhinaVV.Sprint6.Task6.V20.Lib", "Tyuiu.MalchikhinaVV.Sprint6.Task6.V20.Lib\Tyuiu.MalchikhinaVV.Sprint6.Task6.V20.Lib.csproj", "{F596F4CE-8B06-44AF-A7A4-624B315F84F0}"
EndProject
Project("{FAE04EC0-301F-11D3-BF4B-00C04F79EFBC}") = "Tyuiu.MalchikhinaVV.Sprint6.Task6.V20.Test", "Tyuiu.MalchikhinaVV.Sprint6.Task6.V20.Test\Tyuiu.MalchikhinaVV.Sprint6.Task6.V20.Test.csproj", "{773D3443-C3B7-4055-91AD-15A50707C584}"
EndProject
Project("{FAE04EC0-301F-11D3-BF4B-00C04F79EFBC}") = "Tyuiu.MalchikhinaVV.Sprint6.Task6.V20", "Tyuiu.MalchikhinaVV.Sprint6.Task6.V20\Tyuiu.MalchikhinaVV.Sprint6.Task6.V20.csproj", "{C6150D57-0E58-42E4-BC80-1933807F104B}"
EndProject
Global
	GlobalSection(SolutionConfigurationPlatforms) = preSolution
		Debug|Any CPU = Debug|Any CPU
		Release|Any CPU = Release|Any CPU
	EndGlobalSection
	GlobalSection(ProjectConfigurationPlatforms) = postSolution
		{8A06AC40-7699-4654-B648-348DE4ED6EFD}.Debug|Any CPU.ActiveCfg = Debug|Any CPU
		{8A06AC40-7699-4654-B648-348DE4ED6EFD}.Debug|Any CPU.Build.0 = Debug|Any CPU
		{8A06AC40-7699-4654-B648-348DE4ED6EFD}.Release|Any CPU.ActiveCfg = Release|Any CPU
		{8A06AC40-7699-4654-B648-348DE4ED6EFD}.Release|Any CPU.Build.0 = Release|Any CPU
		{CA78CBA4-C2C6-494B-BE48-4CDDC193BA46}.Debug|Any CPU.ActiveCfg = Debug|Any CPU
		{CA78CBA4-C2C6-494B-BE48-4CDDC193BA46}.Debug|Any CPU.Build.0 = Debug|Any CPU
		{CA78CBA4-C2C6-494B-BE48-4CDDC193BA46}.Release|Any CPU.ActiveCfg = Release|Any CPU
		{CA78CBA4-C2C6-494B-BE48-4CDDC193BA46}.Release|Any CPU.Build.0 = Release|Any CPU
		{2E4A454B-542C-44E4-9C13-F6E392B20349}.Debug|Any CPU.ActiveCfg = Debug|Any CPU
		{2E4A454B-542C-44E4-9C13-F6E392B20349}.Debug|Any CPU.Build.0 = Debug|Any CPU
		{2E4A454B-542C-44E4-9C13-F6E392B20349}.Release|Any CPU.ActiveCfg = Release|Any CPU
		{2E4A454B-542C-44E4-9C13-F6E392B20349}.Release|Any CPU.Build.0 = Release|Any CPU
		{48E3F77D-E6F9-484A-8AD4-7C0C0F5D5889}.Debug|Any CPU.ActiveCfg = Debug|Any CPU
		{48E3F77D-E6F9-484A-8AD4-7C0C0F5D5889}.Debug|Any CPU.Build.0 = Debug|Any CPU
		{48E3F77D-E6F9-484A-8AD4-7C0C0F5D5889}.Release|Any CPU.ActiveCfg = Release|Any CPU
		{48E3F77D-E6F9-484A-8AD4-7C0C0F5D5889}.Release|Any CPU.Build.0 = Release|Any CPU
		{3583DF53-16F5-405E-AAFB-887ADF26E404}.Debug|Any CPU.ActiveCfg = Debug|Any CPU
		{3583DF53-16F5-405E-AAFB-887ADF26E404}.Debug|Any CPU.Build.0 = Debug|Any CPU
		{3583DF53-16F5-405E-AAFB-887ADF26E404}.Release|Any CPU.ActiveCfg = Release|Any CPU
		{3583DF53-16F5-405E-AAFB-887ADF26E404}.Release|Any CPU.Build.0 = Release|Any CPU
		{0EAEE355-8084-4AD3-8318-A2DAACFA02D0}.Debug|Any CPU.ActiveCfg = Debug|Any CPU
		{0EAEE355-8084-4AD3-8318-A2DAACFA02D0}.Debug|Any CPU.Build.0 = Debug|Any CPU
		{0EAEE355-8084-4AD3-8318-A2DAACFA02D0}.Release|Any CPU.ActiveCfg = Release|Any CPU
		{0EAEE355-8084-4AD3-8318-A2DAACFA02D0}.Release|Any CPU.Build.0 = Release|Any CPU
		{01C34C4C-AC2C-49BC-B207-60B757FA82F1}.Debug|Any CPU.ActiveCfg = Debug|Any CPU
		{01C34C4C-AC2C-49BC-B207-60B757FA82F1}.Debug|Any CPU.Build.0 = Debug|Any CPU
		{01C34C4C-AC2C-49BC-B207-60B757FA82F1}.Release|Any CPU.ActiveCfg = Release|Any CPU
		{01C34C4C-AC2C-49BC-B207-60B757FA82F1}.Release|Any CPU.Build.0 = Release|Any CPU
		{2F584B88-FFF2-40A8-B943-C98784DCBB22}.Debug|Any CPU.ActiveCfg = Debug|Any CPU
		{2F584B88-FFF2-40A8-B943-C98784DCBB22}.Debug|Any CPU.Build.0 = Debug|Any CPU
		{2F584B88-FFF2-40A8-B943-C98784DCBB22}.Release|Any CPU.ActiveCfg = Release|Any CPU
		{2F584B88-FFF2-40A8-B943-C98784DCBB22}.Release|Any CPU.Build.0 = Release|Any CPU
		{9F014AD8-E2B5-4713-BAE2-E2C08A197E6C}.Debug|Any CPU.ActiveCfg = Debug|Any CPU
		{9F014AD8-E2B5-4713-BAE2-E2C08A197E6C}.Debug|Any CPU.Build.0 = Debug|Any CPU
		{9F014AD8-E2B5-4713-BAE2-E2C08A197E6C}.Release|Any CPU.ActiveCfg = Release|Any CPU
		{9F014AD8-E2B5-4713-BAE2-E2C08A197E6C}.Release|Any CPU.Build.0 = Release|Any CPU
		{B4C35484-6244-4031-AB5C-8BE677D99421}.Debug|Any CPU.ActiveCfg = Debug|Any CPU
		{B4C35484-6244-4031-AB5C-8BE677D99421}.Debug|Any CPU.Build.0 = Debug|Any CPU
		{B4C35484-6244-4031-AB5C-8BE677D99421}.Release|Any CPU.ActiveCfg = Release|Any CPU
		{B4C35484-6244-4031-AB5C-8BE677D99421}.Release|Any CPU.Build.0 = Release|Any CPU
		{A6AD75BD-7390-4FA0-871E-5ECDB7EEF9B7}.Debug|Any CPU.ActiveCfg = Debug|Any CPU
		{A6AD75BD-7390-4FA0-871E-5ECDB7EEF9B7}.Debug|Any CPU.Build.0 = Debug|Any CPU
		{A6AD75BD-7390-4FA0-871E-5ECDB7EEF9B7}.Release|Any CPU.ActiveCfg = Release|Any CPU
		{A6AD75BD-7390-4FA0-871E-5ECDB7EEF9B7}.Release|Any CPU.Build.0 = Release|Any CPU
		{0292926A-3A40-4FC7-A9A6-03342AB1FF3B}.Debug|Any CPU.ActiveCfg = Debug|Any CPU
		{0292926A-3A40-4FC7-A9A6-03342AB1FF3B}.Debug|Any CPU.Build.0 = Debug|Any CPU
		{0292926A-3A40-4FC7-A9A6-03342AB1FF3B}.Release|Any CPU.ActiveCfg = Release|Any CPU
		{0292926A-3A40-4FC7-A9A6-03342AB1FF3B}.Release|Any CPU.Build.0 = Release|Any CPU
		{4198A965-193F-4EC4-9C83-2D02B598AF65}.Debug|Any CPU.ActiveCfg = Debug|Any CPU
		{4198A965-193F-4EC4-9C83-2D02B598AF65}.Debug|Any CPU.Build.0 = Debug|Any CPU
		{4198A965-193F-4EC4-9C83-2D02B598AF65}.Release|Any CPU.ActiveCfg = Release|Any CPU
		{4198A965-193F-4EC4-9C83-2D02B598AF65}.Release|Any CPU.Build.0 = Release|Any CPU
		{D7718913-4D66-4F52-A25C-2A057A5A426D}.Debug|Any CPU.ActiveCfg = Debug|Any CPU
		{D7718913-4D66-4F52-A25C-2A057A5A426D}.Debug|Any CPU.Build.0 = Debug|Any CPU
		{D7718913-4D66-4F52-A25C-2A057A5A426D}.Release|Any CPU.ActiveCfg = Release|Any CPU
		{D7718913-4D66-4F52-A25C-2A057A5A426D}.Release|Any CPU.Build.0 = Release|Any CPU
		{ACF82B2F-D1DF-422A-B10A-CB0C2E409877}.Debug|Any CPU.ActiveCfg = Debug|Any CPU
		{ACF82B2F-D1DF-422A-B10A-CB0C2E409877}.Debug|Any CPU.Build.0 = Debug|Any CPU
		{ACF82B2F-D1DF-422A-B10A-CB0C2E409877}.Release|Any CPU.ActiveCfg = Release|Any CPU
		{ACF82B2F-D1DF-422A-B10A-CB0C2E409877}.Release|Any CPU.Build.0 = Release|Any CPU
		{1E36FDB8-8D66-4976-97BE-027B2BF3E4F2}.Debug|Any CPU.ActiveCfg = Debug|Any CPU
		{1E36FDB8-8D66-4976-97BE-027B2BF3E4F2}.Debug|Any CPU.Build.0 = Debug|Any CPU
		{1E36FDB8-8D66-4976-97BE-027B2BF3E4F2}.Release|Any CPU.ActiveCfg = Release|Any CPU
		{1E36FDB8-8D66-4976-97BE-027B2BF3E4F2}.Release|Any CPU.Build.0 = Release|Any CPU
		{891A6C0D-F44C-4011-AEA4-BACB433B4C12}.Debug|Any CPU.ActiveCfg = Debug|Any CPU
		{891A6C0D-F44C-4011-AEA4-BACB433B4C12}.Debug|Any CPU.Build.0 = Debug|Any CPU
		{891A6C0D-F44C-4011-AEA4-BACB433B4C12}.Release|Any CPU.ActiveCfg = Release|Any CPU
		{891A6C0D-F44C-4011-AEA4-BACB433B4C12}.Release|Any CPU.Build.0 = Release|Any CPU
		{761CE80B-8D22-476A-8F44-ECB67A155EFE}.Debug|Any CPU.ActiveCfg = Debug|Any CPU
		{761CE80B-8D22-476A-8F44-ECB67A155EFE}.Debug|Any CPU.Build.0 = Debug|Any CPU
		{761CE80B-8D22-476A-8F44-ECB67A155EFE}.Release|Any CPU.ActiveCfg = Release|Any CPU
		{761CE80B-8D22-476A-8F44-ECB67A155EFE}.Release|Any CPU.Build.0 = Release|Any CPU
		{F596F4CE-8B06-44AF-A7A4-624B315F84F0}.Debug|Any CPU.ActiveCfg = Debug|Any CPU
		{F596F4CE-8B06-44AF-A7A4-624B315F84F0}.Debug|Any CPU.Build.0 = Debug|Any CPU
		{F596F4CE-8B06-44AF-A7A4-624B315F84F0}.Release|Any CPU.ActiveCfg = Release|Any CPU
		{F596F4CE-8B06-44AF-A7A4-624B315F84F0}.Release|Any CPU.Build.0 = Release|Any CPU
		{773D3443-C3B7-4055-91AD-15A50707C584}.Debug|Any CPU.ActiveCfg = Debug|Any CPU
		{773D3443-C3B7-4055-91AD-15A50707C584}.Debug|Any CPU.Build.0 = Debug|Any CPU
		{773D3443-C3B7-4055-91AD-15A50707C584}.Release|Any CPU.ActiveCfg = Release|Any CPU
		{773D3443-C3B7-4055-91AD-15A50707C584}.Release|Any CPU.Build.0 = Release|Any CPU
		{C6150D57-0E58-42E4-BC80-1933807F104B}.Debug|Any CPU.ActiveCfg = Debug|Any CPU
		{C6150D57-0E58-42E4-BC80-1933807F104B}.Debug|Any CPU.Build.0 = Debug|Any CPU
		{C6150D57-0E58-42E4-BC80-1933807F104B}.Release|Any CPU.ActiveCfg = Release|Any CPU
		{C6150D57-0E58-42E4-BC80-1933807F104B}.Release|Any CPU.Build.0 = Release|Any CPU
	EndGlobalSection
	GlobalSection(SolutionProperties) = preSolution
		HideSolutionNode = FALSE
	EndGlobalSection
	GlobalSection(NestedProjects) = preSolution
		{8A06AC40-7699-4654-B648-348DE4ED6EFD} = {02EA681E-C7D8-13C7-8484-4AC65E1B71E8}
		{CA78CBA4-C2C6-494B-BE48-4CDDC193BA46} = {02EA681E-C7D8-13C7-8484-4AC65E1B71E8}
		{2E4A454B-542C-44E4-9C13-F6E392B20349} = {02EA681E-C7D8-13C7-8484-4AC65E1B71E8}
		{48E3F77D-E6F9-484A-8AD4-7C0C0F5D5889} = {CBF49F54-3DFA-45F6-AC75-02A1F13B688C}
		{3583DF53-16F5-405E-AAFB-887ADF26E404} = {CBF49F54-3DFA-45F6-AC75-02A1F13B688C}
		{0EAEE355-8084-4AD3-8318-A2DAACFA02D0} = {CBF49F54-3DFA-45F6-AC75-02A1F13B688C}
		{01C34C4C-AC2C-49BC-B207-60B757FA82F1} = {EB7053B2-49FA-4FD2-B548-28AC56F73731}
		{2F584B88-FFF2-40A8-B943-C98784DCBB22} = {EB7053B2-49FA-4FD2-B548-28AC56F73731}
		{9F014AD8-E2B5-4713-BAE2-E2C08A197E6C} = {EB7053B2-49FA-4FD2-B548-28AC56F73731}
		{B4C35484-6244-4031-AB5C-8BE677D99421} = {18A37658-EAB2-4BA4-93DA-3531ADAF2FB9}
		{A6AD75BD-7390-4FA0-871E-5ECDB7EEF9B7} = {18A37658-EAB2-4BA4-93DA-3531ADAF2FB9}
		{0292926A-3A40-4FC7-A9A6-03342AB1FF3B} = {18A37658-EAB2-4BA4-93DA-3531ADAF2FB9}
		{4198A965-193F-4EC4-9C83-2D02B598AF65} = {4558B8EF-52BC-42D9-A54F-2E8CE15EE70D}
		{D7718913-4D66-4F52-A25C-2A057A5A426D} = {4558B8EF-52BC-42D9-A54F-2E8CE15EE70D}
		{ACF82B2F-D1DF-422A-B10A-CB0C2E409877} = {4558B8EF-52BC-42D9-A54F-2E8CE15EE70D}
		{1E36FDB8-8D66-4976-97BE-027B2BF3E4F2} = {E7935951-C7FE-4687-95BB-6E6A71432CB8}
		{891A6C0D-F44C-4011-AEA4-BACB433B4C12} = {E7935951-C7FE-4687-95BB-6E6A71432CB8}
		{761CE80B-8D22-476A-8F44-ECB67A155EFE} = {E7935951-C7FE-4687-95BB-6E6A71432CB8}
		{F596F4CE-8B06-44AF-A7A4-624B315F84F0} = {72F4C15B-B684-480A-9417-A8F277080820}
		{773D3443-C3B7-4055-91AD-15A50707C584} = {72F4C15B-B684-480A-9417-A8F277080820}
		{C6150D57-0E58-42E4-BC80-1933807F104B} = {72F4C15B-B684-480A-9417-A8F277080820}
	EndGlobalSection
	GlobalSection(ExtensibilityGlobals) = postSolution
		SolutionGuid = {3DBBFA52-E7EB-4D90-93BE-F428F218DBA9}
	EndGlobalSection
EndGlobal
